
Microsoft Visual Studio Solution File, Format Version 12.00
# Visual Studio Version 17
VisualStudioVersion = 17.1.32407.343
MinimumVisualStudioVersion = 10.0.40219.1
Project("{FAE04EC0-301F-11D3-BF4B-00C04F79EFBC}") = "XCopyWrapper", "XCopyWrapper.csproj", "{B989D51C-28E0-4E9F-82EA-787DCAC0D953}"
EndProject
Global
	GlobalSection(SolutionConfigurationPlatforms) = preSolution
		Debug|Any CPU = Debug|Any CPU
		Release|Any CPU = Release|Any CPU
	EndGlobalSection
	GlobalSection(ProjectConfigurationPlatforms) = postSolution
		{B989D51C-28E0-4E9F-82EA-787DCAC0D953}.Debug|Any CPU.ActiveCfg = Debug|Any CPU
		{B989D51C-28E0-4E9F-82EA-787DCAC0D953}.Debug|Any CPU.Build.0 = Debug|Any CPU
		{B989D51C-28E0-4E9F-82EA-787DCAC0D953}.Release|Any CPU.ActiveCfg = Release|Any CPU
		{B989D51C-28E0-4E9F-82EA-787DCAC0D953}.Release|Any CPU.Build.0 = Release|Any CPU
	EndGlobalSection
	GlobalSection(SolutionProperties) = preSolution
		HideSolutionNode = FALSE
	EndGlobalSection
	GlobalSection(ExtensibilityGlobals) = postSolution
		SolutionGuid = {9E99BC5A-CA53-4151-ACB3-20F05A240662}
	EndGlobalSection
EndGlobal
